{
    "name": "plugin-a",
    "version": "1.0.0",
    "lockfileVersion": 1,
    "requires": true,
    "dependencies": {
        "@angular/common": {
            "version": "5.2.0",
            "resolved": "https://registry.npmjs.org/@angular/common/-/common-5.2.0.tgz",
            "integrity": "sha512-yMFn2isC7/XOs56/2Kzzbb1AASHiwipAPOVFtKe7TdZQClO8fJXwCnk326rzr615+CG0eSBNQWeiFGyWN2riBA==",
            "requires": {
                "tslib": "^1.7.1"
            }
        },
        "@angular/core": {
            "version": "11.0.5",
            "resolved": "https://registry.npmjs.org/@angular/core/-/core-11.0.5.tgz",
            "integrity": "sha512-XAXWQi7R3ucZXQwx9QK5jSKJeQyRJ53u2dQDpr7R5stzeCy1a5hrNOkZLg9zOTTPcth/6+FrOrRZP9SMdxtw3w==",
            "requires": {
                "tslib": "^2.0.0"
            },
            "dependencies": {
                "tslib": {
                    "version": "2.4.0",
                    "resolved": "https://registry.npmjs.org/tslib/-/tslib-2.4.0.tgz",
                    "integrity": "sha512-d6xOpEDfsi2CZVlPQzGeux8XMwLT9hssAsaPYExaQMuYskwb+x1x7J371tWlbBdWHroy99KnVB6qIkUbs5X3UQ=="
                }
            }
        },
        "acorn": {
            "version": "5.7.3",
            "resolved": "https://registry.npmjs.org/acorn/-/acorn-5.7.3.tgz",
            "integrity": "sha512-T/zvzYRfbVojPWahDsE5evJdHb3oJoQfFbsrKM7w5Zcs++Tr257tia3BmMP8XYVjp1S9RZXQMh7gao96BlqZOw==",
            "dev": true
        },
        "balanced-match": {
            "version": "1.0.0",
            "resolved": "https://registry.npmjs.org/balanced-match/-/balanced-match-1.0.0.tgz",
            "integrity": "sha1-ibTRmasr7kneFk6gK4nORi1xt2c=",
            "dev": true
        },
        "brace-expansion": {
            "version": "1.1.11",
            "resolved": "https://registry.npmjs.org/brace-expansion/-/brace-expansion-1.1.11.tgz",
            "integrity": "sha512-iCuPHDFgrHX7H2vEI/5xpz07zSHB00TpugqhmYtVmMO6518mCuRMoOYFldEBl0g187ufozdaHgWKcYFb61qGiA==",
            "dev": true,
            "requires": {
                "balanced-match": "^1.0.0",
                "concat-map": "0.0.1"
            }
        },
        "builtin-modules": {
            "version": "1.1.1",
            "resolved": "https://registry.npmjs.org/builtin-modules/-/builtin-modules-1.1.1.tgz",
            "integrity": "sha1-Jw8HbFpywC9bZaR9+Uxf46J4iS8=",
            "dev": true
        },
        "colors": {
            "version": "1.3.3",
            "resolved": "https://registry.npmjs.org/colors/-/colors-1.3.3.tgz",
            "integrity": "sha512-mmGt/1pZqYRjMxB1axhTo16/snVZ5krrKkcmMeVKxzECMMXoCgnvTPp10QgHfcbQZw8Dq2jMNG6je4JlWU0gWg==",
            "dev": true
        },
        "compare-versions": {
            "version": "2.0.1",
            "resolved": "https://registry.npmjs.org/compare-versions/-/compare-versions-2.0.1.tgz",
            "integrity": "sha1-Htwfk2h/2XoyXFn1XkWgfbEGrKY=",
            "dev": true
        },
        "concat-map": {
            "version": "0.0.1",
            "resolved": "https://registry.npmjs.org/concat-map/-/concat-map-0.0.1.tgz",
            "integrity": "sha1-2Klr13/Wjfd5OnMDajug1UBdR3s=",
            "dev": true
        },
        "estree-walker": {
            "version": "0.6.1",
            "resolved": "https://registry.npmjs.org/estree-walker/-/estree-walker-0.6.1.tgz",
            "integrity": "sha512-SqmZANLWS0mnatqbSfRP5g8OXZC12Fgg1IwNtLsyHDzJizORW4khDfjPqJZsemPWBB2uqykUah5YpQ6epsqC/w==",
            "dev": true
        },
        "fs-extra": {
            "version": "4.0.3",
            "resolved": "https://registry.npmjs.org/fs-extra/-/fs-extra-4.0.3.tgz",
            "integrity": "sha512-q6rbdDd1o2mAnQreO7YADIxf/Whx4AHBiRf6d+/cVT8h44ss+lHgxf1FemcqDnQt9X3ct4McHr+JMGlYSsK7Cg==",
            "dev": true,
            "requires": {
                "graceful-fs": "^4.1.2",
                "jsonfile": "^4.0.0",
                "universalify": "^0.1.0"
            }
        },
        "graceful-fs": {
            "version": "4.2.1",
            "resolved": "https://registry.npmjs.org/graceful-fs/-/graceful-fs-4.2.1.tgz",
            "integrity": "sha512-b9usnbDGnD928gJB3LrCmxoibr3VE4U2SMo5PBuBnokWyDADTqDPXg4YpwKF1trpH+UbGp7QLicO3+aWEy0+mw==",
            "dev": true
        },
        "is-module": {
            "version": "1.0.0",
            "resolved": "https://registry.npmjs.org/is-module/-/is-module-1.0.0.tgz",
            "integrity": "sha1-Mlj7afeMFNW4FdZkM2tM/7ZEFZE=",
            "dev": true
        },
        "jsonfile": {
            "version": "4.0.0",
            "resolved": "https://registry.npmjs.org/jsonfile/-/jsonfile-4.0.0.tgz",
            "integrity": "sha1-h3Gq4HmbZAdrdmQPygWPnBDjPss=",
            "dev": true,
            "requires": {
                "graceful-fs": "^4.1.6"
            }
        },
        "lru-cache": {
            "version": "2.7.3",
            "resolved": "https://registry.npmjs.org/lru-cache/-/lru-cache-2.7.3.tgz",
            "integrity": "sha1-bUUk6LlV+V1PW1iFHOId1y+06VI=",
            "dev": true
        },
        "magic-string": {
            "version": "0.22.5",
            "resolved": "https://registry.npmjs.org/magic-string/-/magic-string-0.22.5.tgz",
            "integrity": "sha512-oreip9rJZkzvA8Qzk9HFs8fZGF/u7H/gtrE8EN6RjKJ9kh2HlC+yQ2QezifqTZfGyiuAV0dRv5a+y/8gBb1m9w==",
            "dev": true,
            "requires": {
                "vlq": "^0.2.2"
            }
        },
        "minimatch": {
            "version": "0.2.14",
            "resolved": "https://registry.npmjs.org/minimatch/-/minimatch-0.2.14.tgz",
            "integrity": "sha1-x054BXT2PG+aCQ6Q775u9TpqdWo=",
            "dev": true,
            "requires": {
                "lru-cache": "2",
                "sigmund": "~1.0.0"
            }
        },
        "nomnom": {
            "version": "1.6.2",
            "resolved": "https://registry.npmjs.org/nomnom/-/nomnom-1.6.2.tgz",
            "integrity": "sha1-hKZqJgF0QI/Ft3oY+IjszET7aXE=",
            "dev": true,
            "requires": {
                "colors": "0.5.x",
                "underscore": "~1.4.4"
            },
            "dependencies": {
                "colors": {
                    "version": "0.5.1",
                    "resolved": "https://registry.npmjs.org/colors/-/colors-0.5.1.tgz",
                    "integrity": "sha1-fQAj6usVTo7p/Oddy5I9DtFmd3Q=",
                    "dev": true
                }
            }
        },
        "object-assign": {
            "version": "4.1.1",
            "resolved": "https://registry.npmjs.org/object-assign/-/object-assign-4.1.1.tgz",
            "integrity": "sha1-IQmtx5ZYh8/AXLvUQsrIv7s2CGM=",
            "dev": true
        },
        "path-parse": {
            "version": "1.0.6",
            "resolved": "https://registry.npmjs.org/path-parse/-/path-parse-1.0.6.tgz",
            "integrity": "sha512-GSmOT2EbHrINBf9SR7CDELwlJ8AENk3Qn7OikK4nFYAu3Ote2+JYNVvkpAEQm3/TLNEJFD/xZJjzyxg3KBWOzw==",
            "dev": true
        },
        "replace": {
            "version": "0.3.0",
            "resolved": "https://registry.npmjs.org/replace/-/replace-0.3.0.tgz",
            "integrity": "sha1-YAgXIRiGWFlatqeU63/ty0yNOcc=",
            "dev": true,
            "requires": {
                "colors": "0.5.x",
                "minimatch": "~0.2.9",
                "nomnom": "1.6.x"
            },
            "dependencies": {
                "colors": {
                    "version": "0.5.1",
                    "resolved": "https://registry.npmjs.org/colors/-/colors-0.5.1.tgz",
                    "integrity": "sha1-fQAj6usVTo7p/Oddy5I9DtFmd3Q=",
                    "dev": true
                }
            }
        },
        "resolve": {
            "version": "1.12.0",
            "resolved": "https://registry.npmjs.org/resolve/-/resolve-1.12.0.tgz",
            "integrity": "sha512-B/dOmuoAik5bKcD6s6nXDCjzUKnaDvdkRyAk6rsmsKLipWj4797iothd7jmmUhWTfinVMU+wc56rYKsit2Qy4w==",
            "dev": true,
            "requires": {
                "path-parse": "^1.0.6"
            }
        },
        "rollup": {
            "version": "0.55.1",
            "resolved": "https://registry.npmjs.org/rollup/-/rollup-0.55.1.tgz",
            "integrity": "sha512-lV8lBkpA1PXsshgu8zy51QrGPvWDIhZjcShEyMKk/Riobz4xwutSb0TjAtRyS6wtnn5LNVmCL7KIj4pirOhEdw=="
        },
        "rollup-plugin-angular": {
            "version": "0.5.3",
            "resolved": "https://registry.npmjs.org/rollup-plugin-angular/-/rollup-plugin-angular-0.5.3.tgz",
            "integrity": "sha1-E0Qt41U99xZMw/p27kaGWK6k61Q=",
            "dev": true,
            "requires": {
                "colors": "^1.1.2",
                "magic-string": "^0.22.4",
                "replace": "^0.3.0",
                "rollup-pluginutils": "^2.0.1"
            }
        },
        "rollup-plugin-commonjs": {
            "version": "8.3.0",
            "resolved": "https://registry.npmjs.org/rollup-plugin-commonjs/-/rollup-plugin-commonjs-8.3.0.tgz",
            "integrity": "sha512-PYs3OiYgENFYEmI3vOEm5nrp3eY90YZqd5vGmQqeXmhJsAWFIrFdROCvOasqJ1HgeTvqyYo9IGXnFDyoboNcgQ==",
            "dev": true,
            "requires": {
                "acorn": "^5.2.1",
                "estree-walker": "^0.5.0",
                "magic-string": "^0.22.4",
                "resolve": "^1.4.0",
                "rollup-pluginutils": "^2.0.1"
            },
            "dependencies": {
                "estree-walker": {
                    "version": "0.5.2",
                    "resolved": "https://registry.npmjs.org/estree-walker/-/estree-walker-0.5.2.tgz",
                    "integrity": "sha512-XpCnW/AE10ws/kDAs37cngSkvgIR8aN3G0MS85m7dUpuK2EREo9VJ00uvw6Dg/hXEpfsE1I1TvJOJr+Z+TL+ig==",
                    "dev": true
                }
            }
        },
        "rollup-plugin-node-resolve": {
            "version": "3.0.2",
            "resolved": "https://registry.npmjs.org/rollup-plugin-node-resolve/-/rollup-plugin-node-resolve-3.0.2.tgz",
            "integrity": "sha512-ZwmMip/yqw6cmDQJuCQJ1G7gw2z11iGUtQNFYrFZHmqadRHU+OZGC3nOXwXu+UTvcm5lzDspB1EYWrkTgPWybw==",
            "dev": true,
            "requires": {
                "builtin-modules": "^1.1.0",
                "is-module": "^1.0.0",
                "resolve": "^1.1.6"
            }
        },
        "rollup-plugin-typescript": {
            "version": "0.8.1",
            "resolved": "https://registry.npmjs.org/rollup-plugin-typescript/-/rollup-plugin-typescript-0.8.1.tgz",
            "integrity": "sha1-L/fuzCHPa7K0P8J+W2iJUs5xkko=",
            "dev": true,
            "requires": {
                "compare-versions": "2.0.1",
                "object-assign": "^4.0.1",
                "rollup-pluginutils": "^1.3.1",
                "tippex": "^2.1.1",
                "typescript": "^1.8.9"
            },
            "dependencies": {
                "estree-walker": {
                    "version": "0.2.1",
                    "resolved": "https://registry.npmjs.org/estree-walker/-/estree-walker-0.2.1.tgz",
                    "integrity": "sha1-va/oCVOD2EFNXcLs9MkXO225QS4=",
                    "dev": true
                },
                "minimatch": {
                    "version": "3.0.4",
                    "resolved": "https://registry.npmjs.org/minimatch/-/minimatch-3.0.4.tgz",
                    "integrity": "sha512-yJHVQEhyqPLUTgt9B83PXu6W3rx4MvvHvSUvToogpwoGDOUQ+yDrR0HRot+yOCdCO7u4hX3pWft6kWBBcqh0UA==",
                    "dev": true,
                    "requires": {
                        "brace-expansion": "^1.1.7"
                    }
                },
                "rollup-pluginutils": {
                    "version": "1.5.2",
                    "resolved": "https://registry.npmjs.org/rollup-pluginutils/-/rollup-pluginutils-1.5.2.tgz",
                    "integrity": "sha1-HhVud4+UtyVb+hs9AXi+j1xVJAg=",
                    "dev": true,
                    "requires": {
                        "estree-walker": "^0.2.1",
                        "minimatch": "^3.0.2"
                    }
                },
                "typescript": {
                    "version": "1.8.10",
                    "resolved": "https://registry.npmjs.org/typescript/-/typescript-1.8.10.tgz",
                    "integrity": "sha1-tHXW4N/wv1DyluXKbvn7tccyDx4=",
                    "dev": true
                }
            }
        },
        "rollup-plugin-typescript2": {
            "version": "0.10.0",
            "resolved": "https://registry.npmjs.org/rollup-plugin-typescript2/-/rollup-plugin-typescript2-0.10.0.tgz",
            "integrity": "sha512-Sa2/lFV6VvaMmydyt5lL9L6lk78v2X3x1YpATl2hZIyI/HuiRpP0ls5T3Tmfk3Mniuxx33HXUfmcseIvevqI8Q==",
            "dev": true,
            "requires": {
                "fs-extra": "^4.0.2",
                "resolve": "^1.5.0",
                "rollup-pluginutils": "^2.0.1",
                "tslib": "^1.8.0"
            }
        },
        "rollup-pluginutils": {
            "version": "2.8.1",
            "resolved": "https://registry.npmjs.org/rollup-pluginutils/-/rollup-pluginutils-2.8.1.tgz",
            "integrity": "sha512-J5oAoysWar6GuZo0s+3bZ6sVZAC0pfqKz68De7ZgDi5z63jOVZn1uJL/+z1jeKHNbGII8kAyHF5q8LnxSX5lQg==",
            "dev": true,
            "requires": {
                "estree-walker": "^0.6.1"
            }
        },
        "rxjs": {
            "version": "5.5.6",
            "resolved": "https://registry.npmjs.org/rxjs/-/rxjs-5.5.6.tgz",
            "integrity": "sha512-v4Q5HDC0FHAQ7zcBX7T2IL6O5ltl1a2GX4ENjPXg6SjDY69Cmx9v4113C99a4wGF16ClPv5Z8mghuYorVkg/kg==",
            "requires": {
                "symbol-observable": "1.0.1"
            }
        },
        "sigmund": {
            "version": "1.0.1",
            "resolved": "https://registry.npmjs.org/sigmund/-/sigmund-1.0.1.tgz",
            "integrity": "sha1-P/IfGYytIXX587eBhT/ZTQ0ZtZA=",
            "dev": true
        },
        "symbol-observable": {
            "version": "1.0.1",
            "resolved": "https://registry.npmjs.org/symbol-observable/-/symbol-observable-1.0.1.tgz",
            "integrity": "sha1-g0D8RwLDEi310iKI+IKD9RPT/dQ="
        },
        "tippex": {
            "version": "2.3.1",
            "resolved": "https://registry.npmjs.org/tippex/-/tippex-2.3.1.tgz",
            "integrity": "sha1-ov1bcIfXy/sgyYBqbBYQjCwPr9o=",
            "dev": true
        },
        "tslib": {
            "version": "1.10.0",
            "resolved": "https://registry.npmjs.org/tslib/-/tslib-1.10.0.tgz",
            "integrity": "sha512-qOebF53frne81cf0S9B41ByenJ3/IuH8yJKngAX35CmiZySA0khhkovshKK+jGCaMnVomla7gVlIcc3EvKPbTQ=="
        },
        "typescript": {
            "version": "2.5.3",
            "resolved": "https://registry.npmjs.org/typescript/-/typescript-2.5.3.tgz",
            "integrity": "sha512-ptLSQs2S4QuS6/OD1eAKG+S5G8QQtrU5RT32JULdZQtM1L3WTi34Wsu48Yndzi8xsObRAB9RPt/KhA9wlpEF6w==",
            "dev": true
        },
        "underscore": {
            "version": "1.4.4",
            "resolved": "https://registry.npmjs.org/underscore/-/underscore-1.4.4.tgz",
            "integrity": "sha1-YaajIBBiKvoHljvzJSA88SI51gQ=",
            "dev": true
        },
        "universalify": {
            "version": "0.1.2",
            "resolved": "https://registry.npmjs.org/universalify/-/universalify-0.1.2.tgz",
            "integrity": "sha512-rBJeI5CXAlmy1pV+617WB9J63U6XcazHHF2f2dbJix4XzpUF0RS3Zbj0FGIOCAva5P/d/GBOYaACQ1w+0azUkg==",
            "dev": true
        },
        "vlq": {
            "version": "0.2.3",
            "resolved": "https://registry.npmjs.org/vlq/-/vlq-0.2.3.tgz",
            "integrity": "sha512-DRibZL6DsNhIgYQ+wNdWDL2SL3bKPlVrRiBqV5yuMm++op8W4kGFtaQfCs4KEJn0wBZcHVHJ3eoywX8983k1ow==",
            "dev": true
        }
    }
}
